# This file is @generated by PDM.
# It is not intended for manual editing.

[[package]]
name = "ewmh"
version = "0.1.6"
summary = "python implementation of Extended Window Manager Hints, based on Xlib"
dependencies = [
    "python-xlib",
]

[[package]]
name = "python-xlib"
version = "0.33"
summary = "Python X Library"
dependencies = [
    "six>=1.10.0",
]

[[package]]
name = "six"
version = "1.16.0"
requires_python = ">=2.7, !=3.0.*, !=3.1.*, !=3.2.*"
summary = "Python 2 and 3 compatibility utilities"

[metadata]
lock_version = "4.1"
content_hash = "sha256:8ddc7a5fb18c2c6e1bbaa30982cd776cc9f21e84872fbca910dac0e8feb21751"

[metadata.files]
"ewmh 0.1.6" = [
    {url = "https://files.pythonhosted.org/packages/33/e8/5f65226b2724347642b823b9fe4f35e80aad4fc69e61111977140bc9b633/ewmh-0.1.6.tar.gz", hash = "sha256:c56b093f7d575181e979bb3a7d15c34065755f811c351ff0a31fede12b09343d"},
]
"python-xlib 0.33" = [
    {url = "https://files.pythonhosted.org/packages/86/f5/8c0653e5bb54e0cbdfe27bf32d41f27bc4e12faa8742778c17f2a71be2c0/python-xlib-0.33.tar.gz", hash = "sha256:55af7906a2c75ce6cb280a584776080602444f75815a7aff4d287bb2d7018b32"},
    {url = "https://files.pythonhosted.org/packages/fc/b8/ff33610932e0ee81ae7f1269c890f697d56ff74b9f5b2ee5d9b7fa2c5355/python_xlib-0.33-py2.py3-none-any.whl", hash = "sha256:c3534038d42e0df2f1392a1b30a15a4ff5fdc2b86cfa94f072bf11b10a164398"},
]
"six 1.16.0" = [
    {url = "https://files.pythonhosted.org/packages/71/39/171f1c67cd00715f190ba0b100d606d440a28c93c7714febeca8b79af85e/six-1.16.0.tar.gz", hash = "sha256:1e61c37477a1626458e36f7b1d82aa5c9b094fa4802892072e49de9c60c4c926"},
    {url = "https://files.pythonhosted.org/packages/d9/5a/e7c31adbe875f2abbb91bd84cf2dc52d792b5a01506781dbcf25c91daf11/six-1.16.0-py2.py3-none-any.whl", hash = "sha256:8abb2f1d86890a2dfb989f9a77cfcfd3e47c2a354b01111771326f8aa26e0254"},
]
